
Microsoft Visual Studio Solution File, Format Version 12.00
# Visual Studio 15
VisualStudioVersion = 15.0.26124.0
MinimumVisualStudioVersion = 15.0.26124.0
Project("{9A19103F-16F7-4668-BE54-9A1E7A4F7556}") = "Blip.Api.Template", "Blip.Api.Template\Blip.Api.Template.csproj", "{EF328CE4-B946-4981-8721-C08DCE0FCDE9}"
EndProject
Project("{9A19103F-16F7-4668-BE54-9A1E7A4F7556}") = "Blip.Api.Template.Services", "Blip.Api.Template.Services\Blip.Api.Template.Services.csproj", "{BD7426A7-A454-4DB1-B129-06810138D64B}"
EndProject
Global
	GlobalSection(SolutionConfigurationPlatforms) = preSolution
		Debug|Any CPU = Debug|Any CPU
		Debug|x64 = Debug|x64
		Debug|x86 = Debug|x86
		Release|Any CPU = Release|Any CPU
		Release|x64 = Release|x64
		Release|x86 = Release|x86
	EndGlobalSection
	GlobalSection(ProjectConfigurationPlatforms) = postSolution
		{EF328CE4-B946-4981-8721-C08DCE0FCDE9}.Debug|Any CPU.ActiveCfg = Debug|Any CPU
		{EF328CE4-B946-4981-8721-C08DCE0FCDE9}.Debug|Any CPU.Build.0 = Debug|Any CPU
		{EF328CE4-B946-4981-8721-C08DCE0FCDE9}.Debug|x64.ActiveCfg = Debug|Any CPU
		{EF328CE4-B946-4981-8721-C08DCE0FCDE9}.Debug|x64.Build.0 = Debug|Any CPU
		{EF328CE4-B946-4981-8721-C08DCE0FCDE9}.Debug|x86.ActiveCfg = Debug|Any CPU
		{EF328CE4-B946-4981-8721-C08DCE0FCDE9}.Debug|x86.Build.0 = Debug|Any CPU
		{EF328CE4-B946-4981-8721-C08DCE0FCDE9}.Release|Any CPU.ActiveCfg = Release|Any CPU
		{EF328CE4-B946-4981-8721-C08DCE0FCDE9}.Release|Any CPU.Build.0 = Release|Any CPU
		{EF328CE4-B946-4981-8721-C08DCE0FCDE9}.Release|x64.ActiveCfg = Release|Any CPU
		{EF328CE4-B946-4981-8721-C08DCE0FCDE9}.Release|x64.Build.0 = Release|Any CPU
		{EF328CE4-B946-4981-8721-C08DCE0FCDE9}.Release|x86.ActiveCfg = Release|Any CPU
		{EF328CE4-B946-4981-8721-C08DCE0FCDE9}.Release|x86.Build.0 = Release|Any CPU
		{BD7426A7-A454-4DB1-B129-06810138D64B}.Debug|Any CPU.ActiveCfg = Debug|Any CPU
		{BD7426A7-A454-4DB1-B129-06810138D64B}.Debug|Any CPU.Build.0 = Debug|Any CPU
		{BD7426A7-A454-4DB1-B129-06810138D64B}.Debug|x64.ActiveCfg = Debug|Any CPU
		{BD7426A7-A454-4DB1-B129-06810138D64B}.Debug|x64.Build.0 = Debug|Any CPU
		{BD7426A7-A454-4DB1-B129-06810138D64B}.Debug|x86.ActiveCfg = Debug|Any CPU
		{BD7426A7-A454-4DB1-B129-06810138D64B}.Debug|x86.Build.0 = Debug|Any CPU
		{BD7426A7-A454-4DB1-B129-06810138D64B}.Release|Any CPU.ActiveCfg = Release|Any CPU
		{BD7426A7-A454-4DB1-B129-06810138D64B}.Release|Any CPU.Build.0 = Release|Any CPU
		{BD7426A7-A454-4DB1-B129-06810138D64B}.Release|x64.ActiveCfg = Release|Any CPU
		{BD7426A7-A454-4DB1-B129-06810138D64B}.Release|x64.Build.0 = Release|Any CPU
		{BD7426A7-A454-4DB1-B129-06810138D64B}.Release|x86.ActiveCfg = Release|Any CPU
		{BD7426A7-A454-4DB1-B129-06810138D64B}.Release|x86.Build.0 = Release|Any CPU
	EndGlobalSection
	GlobalSection(SolutionProperties) = preSolution
		HideSolutionNode = FALSE
	EndGlobalSection
	GlobalSection(ExtensibilityGlobals) = postSolution
		SolutionGuid = {BB26F59C-3009-4392-97BC-53A4E5605307}
	EndGlobalSection
EndGlobal
